
Microsoft Visual Studio Solution File, Format Version 12.00
# Visual Studio Version 17
VisualStudioVersion = 17.3.32819.101
MinimumVisualStudioVersion = 10.0.40219.1
Project("{9A19103F-16F7-4668-BE54-9A1E7A4F7556}") = "DatingApi", "API\DatingApi.csproj", "{1B49D994-7DDA-4E04-A609-7A291791A3AB}"
EndProject
Global
	GlobalSection(SolutionConfigurationPlatforms) = preSolution
		Debug|Any CPU = Debug|Any CPU
		Release|Any CPU = Release|Any CPU
	EndGlobalSection
	GlobalSection(ProjectConfigurationPlatforms) = postSolution
		{1B49D994-7DDA-4E04-A609-7A291791A3AB}.Debug|Any CPU.ActiveCfg = Debug|Any CPU
		{1B49D994-7DDA-4E04-A609-7A291791A3AB}.Debug|Any CPU.Build.0 = Debug|Any CPU
		{1B49D994-7DDA-4E04-A609-7A291791A3AB}.Release|Any CPU.ActiveCfg = Release|Any CPU
		{1B49D994-7DDA-4E04-A609-7A291791A3AB}.Release|Any CPU.Build.0 = Release|Any CPU
	EndGlobalSection
	GlobalSection(SolutionProperties) = preSolution
		HideSolutionNode = FALSE
	EndGlobalSection
	GlobalSection(ExtensibilityGlobals) = postSolution
		SolutionGuid = {D3922E13-B970-446E-8355-CEECC8D885AD}
	EndGlobalSection
EndGlobal
